
Microsoft Visual Studio Solution File, Format Version 12.00
# Visual Studio Version 17
VisualStudioVersion = 17.8.34408.163
MinimumVisualStudioVersion = 10.0.40219.1
Project("{2150E333-8FDC-42A3-9474-1A3956D46DE8}") = "src", "src", "{620BA006-C662-4AE1-BB4D-9D2F7C319F6A}"
EndProject
Project("{FAE04EC0-301F-11D3-BF4B-00C04F79EFBC}") = "Domain", "Domain\Domain.csproj", "{BE180373-6271-4A48-A2C7-4BF4763F5B26}"
EndProject
Project("{FAE04EC0-301F-11D3-BF4B-00C04F79EFBC}") = "Application", "Application\Application.csproj", "{2EE6EB84-7880-4032-9207-4D3F34417E2A}"
EndProject
Project("{FAE04EC0-301F-11D3-BF4B-00C04F79EFBC}") = "Infrastructure", "Infrastructure\Infrastructure.csproj", "{38644689-73C4-4FB9-88B1-249A05CF2E16}"
EndProject
Project("{FAE04EC0-301F-11D3-BF4B-00C04F79EFBC}") = "WebAPI", "WebAPI\WebAPI.csproj", "{47BF0244-CF8D-4351-8048-70B9E8F466E7}"
EndProject
Global
	GlobalSection(SolutionConfigurationPlatforms) = preSolution
		Debug|Any CPU = Debug|Any CPU
		Release|Any CPU = Release|Any CPU
	EndGlobalSection
	GlobalSection(ProjectConfigurationPlatforms) = postSolution
		{BE180373-6271-4A48-A2C7-4BF4763F5B26}.Debug|Any CPU.ActiveCfg = Debug|Any CPU
		{BE180373-6271-4A48-A2C7-4BF4763F5B26}.Debug|Any CPU.Build.0 = Debug|Any CPU
		{BE180373-6271-4A48-A2C7-4BF4763F5B26}.Release|Any CPU.ActiveCfg = Release|Any CPU
		{BE180373-6271-4A48-A2C7-4BF4763F5B26}.Release|Any CPU.Build.0 = Release|Any CPU
		{2EE6EB84-7880-4032-9207-4D3F34417E2A}.Debug|Any CPU.ActiveCfg = Debug|Any CPU
		{2EE6EB84-7880-4032-9207-4D3F34417E2A}.Debug|Any CPU.Build.0 = Debug|Any CPU
		{2EE6EB84-7880-4032-9207-4D3F34417E2A}.Release|Any CPU.ActiveCfg = Release|Any CPU
		{2EE6EB84-7880-4032-9207-4D3F34417E2A}.Release|Any CPU.Build.0 = Release|Any CPU
		{38644689-73C4-4FB9-88B1-249A05CF2E16}.Debug|Any CPU.ActiveCfg = Debug|Any CPU
		{38644689-73C4-4FB9-88B1-249A05CF2E16}.Debug|Any CPU.Build.0 = Debug|Any CPU
		{38644689-73C4-4FB9-88B1-249A05CF2E16}.Release|Any CPU.ActiveCfg = Release|Any CPU
		{38644689-73C4-4FB9-88B1-249A05CF2E16}.Release|Any CPU.Build.0 = Release|Any CPU
		{47BF0244-CF8D-4351-8048-70B9E8F466E7}.Debug|Any CPU.ActiveCfg = Debug|Any CPU
		{47BF0244-CF8D-4351-8048-70B9E8F466E7}.Debug|Any CPU.Build.0 = Debug|Any CPU
		{47BF0244-CF8D-4351-8048-70B9E8F466E7}.Release|Any CPU.ActiveCfg = Release|Any CPU
		{47BF0244-CF8D-4351-8048-70B9E8F466E7}.Release|Any CPU.Build.0 = Release|Any CPU
	EndGlobalSection
	GlobalSection(SolutionProperties) = preSolution
		HideSolutionNode = FALSE
	EndGlobalSection
	GlobalSection(NestedProjects) = preSolution
		{BE180373-6271-4A48-A2C7-4BF4763F5B26} = {620BA006-C662-4AE1-BB4D-9D2F7C319F6A}
		{2EE6EB84-7880-4032-9207-4D3F34417E2A} = {620BA006-C662-4AE1-BB4D-9D2F7C319F6A}
		{38644689-73C4-4FB9-88B1-249A05CF2E16} = {620BA006-C662-4AE1-BB4D-9D2F7C319F6A}
		{47BF0244-CF8D-4351-8048-70B9E8F466E7} = {620BA006-C662-4AE1-BB4D-9D2F7C319F6A}
	EndGlobalSection
	GlobalSection(ExtensibilityGlobals) = postSolution
		SolutionGuid = {8C309D3F-C79A-4EF3-AF8C-064F4FFB716F}
	EndGlobalSection
EndGlobal
